
Microsoft Visual Studio Solution File, Format Version 12.00
# Visual Studio Version 17
VisualStudioVersion = 17.14.36310.24
MinimumVisualStudioVersion = 10.0.40219.1
Project("{FAE04EC0-301F-11D3-BF4B-00C04F79EFBC}") = "Task 3 MVC", "Task 2 MVC\Task 3 MVC.csproj", "{0410F0FF-5B8C-4470-B715-B5EC74AA9DD6}"
EndProject
Global
	GlobalSection(SolutionConfigurationPlatforms) = preSolution
		Debug|Any CPU = Debug|Any CPU
		Release|Any CPU = Release|Any CPU
	EndGlobalSection
	GlobalSection(ProjectConfigurationPlatforms) = postSolution
		{0410F0FF-5B8C-4470-B715-B5EC74AA9DD6}.Debug|Any CPU.ActiveCfg = Debug|Any CPU
		{0410F0FF-5B8C-4470-B715-B5EC74AA9DD6}.Debug|Any CPU.Build.0 = Debug|Any CPU
		{0410F0FF-5B8C-4470-B715-B5EC74AA9DD6}.Release|Any CPU.ActiveCfg = Release|Any CPU
		{0410F0FF-5B8C-4470-B715-B5EC74AA9DD6}.Release|Any CPU.Build.0 = Release|Any CPU
	EndGlobalSection
	GlobalSection(SolutionProperties) = preSolution
		HideSolutionNode = FALSE
	EndGlobalSection
	GlobalSection(ExtensibilityGlobals) = postSolution
		SolutionGuid = {1DF443B0-BD87-4078-ACFF-DEB11BBD3015}
	EndGlobalSection
EndGlobal
